// !$*UTF8*$!
{
	archiveVersion = 1;
	classes = {
	};
	objectVersion = 77;
	objects = {

/* Begin PBXBuildFile section */
		A1000001 /* SwiftTraderApp.swift in Sources */ = {isa = PBXBuildFile; fileRef = A2000001 /* SwiftTraderApp.swift */; };
		A1000002 /* ContentView.swift in Sources */ = {isa = PBXBuildFile; fileRef = A2000002 /* ContentView.swift */; };
		AA000051 /* Assets.xcassets in Resources */ = {isa = PBXBuildFile; fileRef = AA000050 /* Assets.xcassets */; };
		A1000003 /* CandleBar.swift in Sources */ = {isa = PBXBuildFile; fileRef = A2000003 /* CandleBar.swift */; };
		A1000004 /* ForexAPIService.swift in Sources */ = {isa = PBXBuildFile; fileRef = A2000004 /* ForexAPIService.swift */; };
		A1000005 /* ForexWebSocketService.swift in Sources */ = {isa = PBXBuildFile; fileRef = A2000005 /* ForexWebSocketService.swift */; };
		A1000006 /* ChartViewModel.swift in Sources */ = {isa = PBXBuildFile; fileRef = A2000006 /* ChartViewModel.swift */; };
		A1000007 /* ChartView.swift in Sources */ = {isa = PBXBuildFile; fileRef = A2000007 /* ChartView.swift */; };
		A1000008 /* ChartTransform.swift in Sources */ = {isa = PBXBuildFile; fileRef = A2000008 /* ChartTransform.swift */; };
		A1000009 /* ScrollWheelView.swift in Sources */ = {isa = PBXBuildFile; fileRef = A200000A /* ScrollWheelView.swift */; };
		A100000A /* MarketDataCoordinator.swift in Sources */ = {isa = PBXBuildFile; fileRef = A200000B /* MarketDataCoordinator.swift */; };
		A100000B /* WorkspaceViewModel.swift in Sources */ = {isa = PBXBuildFile; fileRef = A200000C /* WorkspaceViewModel.swift */; };
		A100000C /* WindowAccessor.swift in Sources */ = {isa = PBXBuildFile; fileRef = A200000D /* WindowAccessor.swift */; };
		A100000D /* BottomPanel.swift in Sources */ = {isa = PBXBuildFile; fileRef = A200000E /* BottomPanel.swift */; };
		AA000044 /* ButtonStyles.swift in Sources */ = {isa = PBXBuildFile; fileRef = AA000045 /* ButtonStyles.swift */; };
		A100000E /* RightPanel.swift in Sources */ = {isa = PBXBuildFile; fileRef = A200000F /* RightPanel.swift */; };
		A100000F /* AppSettings.swift in Sources */ = {isa = PBXBuildFile; fileRef = A2000010 /* AppSettings.swift */; };
		A1000010 /* SettingsView.swift in Sources */ = {isa = PBXBuildFile; fileRef = A2000011 /* SettingsView.swift */; };
		A1000011 /* Position.swift in Sources */ = {isa = PBXBuildFile; fileRef = A2000012 /* Position.swift */; };
		A1000012 /* TradingAPIService.swift in Sources */ = {isa = PBXBuildFile; fileRef = A2000013 /* TradingAPIService.swift */; };
		A1000013 /* TradingWebSocketService.swift in Sources */ = {isa = PBXBuildFile; fileRef = A2000014 /* TradingWebSocketService.swift */; };
		A1000014 /* TradingCoordinator.swift in Sources */ = {isa = PBXBuildFile; fileRef = A2000015 /* TradingCoordinator.swift */; };
		A1000015 /* TradingViewModel.swift in Sources */ = {isa = PBXBuildFile; fileRef = A2000016 /* TradingViewModel.swift */; };
		A1000016 /* OrderEntryView.swift in Sources */ = {isa = PBXBuildFile; fileRef = A2000017 /* OrderEntryView.swift */; };
		A1000017 /* CandleCache.swift in Sources */ = {isa = PBXBuildFile; fileRef = A2000018 /* CandleCache.swift */; };
		A1000018 /* CurrencyCorrelation.swift in Sources */ = {isa = PBXBuildFile; fileRef = A2000019 /* CurrencyCorrelation.swift */; };
		A1000019 /* CorrelationViewModel.swift in Sources */ = {isa = PBXBuildFile; fileRef = A200001A /* CorrelationViewModel.swift */; };
		A100001A /* CorrelationView.swift in Sources */ = {isa = PBXBuildFile; fileRef = A200001B /* CorrelationView.swift */; };
		A100001B /* MarketSession.swift in Sources */ = {isa = PBXBuildFile; fileRef = A200001C /* MarketSession.swift */; };
		A100001C /* SessionCalculator.swift in Sources */ = {isa = PBXBuildFile; fileRef = A200001D /* SessionCalculator.swift */; };
		A100001D /* EMAConfig.swift in Sources */ = {isa = PBXBuildFile; fileRef = A200001E /* EMAConfig.swift */; };
		A100001E /* EMAPopover.swift in Sources */ = {isa = PBXBuildFile; fileRef = A200001F /* EMAPopover.swift */; };
		A100001F /* AuthService.swift in Sources */ = {isa = PBXBuildFile; fileRef = A2000020 /* AuthService.swift */; };
		A1000020 /* AuthViewModel.swift in Sources */ = {isa = PBXBuildFile; fileRef = A2000021 /* AuthViewModel.swift */; };
		A1000021 /* PinEntrySheet.swift in Sources */ = {isa = PBXBuildFile; fileRef = A2000022 /* PinEntrySheet.swift */; };
		A1000022 /* Account.swift in Sources */ = {isa = PBXBuildFile; fileRef = A2000023 /* Account.swift */; };
		A1000023 /* TabState.swift in Sources */ = {isa = PBXBuildFile; fileRef = A2000024 /* TabState.swift */; };
		A1000024 /* WorkspaceStateService.swift in Sources */ = {isa = PBXBuildFile; fileRef = A2000025 /* WorkspaceStateService.swift */; };
		A1000025 /* MarketDataProviding.swift in Sources */ = {isa = PBXBuildFile; fileRef = A2000027 /* MarketDataProviding.swift */; };
		A1000026 /* TradingDayATR.swift in Sources */ = {isa = PBXBuildFile; fileRef = A2000028 /* TradingDayATR.swift */; };
		A1000027 /* ATRPopover.swift in Sources */ = {isa = PBXBuildFile; fileRef = A2000029 /* ATRPopover.swift */; };
		A1000028 /* VolumeMAPopover.swift in Sources */ = {isa = PBXBuildFile; fileRef = A200002A /* VolumeMAPopover.swift */; };
		A1000029 /* VisualOrderState.swift in Sources */ = {isa = PBXBuildFile; fileRef = A200002B /* VisualOrderState.swift */; };
		A100002A /* NewsItem.swift in Sources */ = {isa = PBXBuildFile; fileRef = A200002C /* NewsItem.swift */; };
		A100002B /* NewsCoordinator.swift in Sources */ = {isa = PBXBuildFile; fileRef = A200002D /* NewsCoordinator.swift */; };
		A100002D /* ShortcutsPopover.swift in Sources */ = {isa = PBXBuildFile; fileRef = A200002F /* ShortcutsPopover.swift */; };
		A100002E /* PositionSizing.swift in Sources */ = {isa = PBXBuildFile; fileRef = A2000030 /* PositionSizing.swift */; };
		A100002F /* WebSocketStreamError.swift in Sources */ = {isa = PBXBuildFile; fileRef = A2000031 /* WebSocketStreamError.swift */; };
		A1000030 /* WebSocketStreamDriver.swift in Sources */ = {isa = PBXBuildFile; fileRef = A2000032 /* WebSocketStreamDriver.swift */; };
		A1000031 /* NYTradingCalendar.swift in Sources */ = {isa = PBXBuildFile; fileRef = A2000033 /* NYTradingCalendar.swift */; };
		A1000032 /* BarAggregator.swift in Sources */ = {isa = PBXBuildFile; fileRef = A2000034 /* BarAggregator.swift */; };
		A1000033 /* DiskCandleCache.swift in Sources */ = {isa = PBXBuildFile; fileRef = A2000035 /* DiskCandleCache.swift */; };
		A1000034 /* LoadingStatus.swift in Sources */ = {isa = PBXBuildFile; fileRef = A2000036 /* LoadingStatus.swift */; };
		A1000035 /* ChartLoadingCard.swift in Sources */ = {isa = PBXBuildFile; fileRef = A2000037 /* ChartLoadingCard.swift */; };
		A1000036 /* PendingOrder.swift in Sources */ = {isa = PBXBuildFile; fileRef = A2000038 /* PendingOrder.swift */; };
		A1000200 /* ChartSide.swift in Sources */ = {isa = PBXBuildFile; fileRef = A2000200 /* ChartSide.swift */; };
		A1000037 /* PendingOrdersWebSocketService.swift in Sources */ = {isa = PBXBuildFile; fileRef = A2000039 /* PendingOrdersWebSocketService.swift */; };
		A1000038 /* TradeRecord.swift in Sources */ = {isa = PBXBuildFile; fileRef = A200003A /* TradeRecord.swift */; };
		A1000090 /* PositionMetadata.swift in Sources */ = {isa = PBXBuildFile; fileRef = A2000090 /* PositionMetadata.swift */; };
		A1000091 /* PositionMetadataStore.swift in Sources */ = {isa = PBXBuildFile; fileRef = A2000091 /* PositionMetadataStore.swift */; };
		A1000100 /* CustomCorrelation.swift in Sources */ = {isa = PBXBuildFile; fileRef = A2000100 /* CustomCorrelation.swift */; };
		A1000101 /* CustomCorrelationStore.swift in Sources */ = {isa = PBXBuildFile; fileRef = A2000101 /* CustomCorrelationStore.swift */; };
		A1000102 /* CustomCorrelationSheet.swift in Sources */ = {isa = PBXBuildFile; fileRef = A2000102 /* CustomCorrelationSheet.swift */; };
		A1000039 /* DateRangePreset.swift in Sources */ = {isa = PBXBuildFile; fileRef = A200003B /* DateRangePreset.swift */; };
		A100003A /* TradeHistoryService.swift in Sources */ = {isa = PBXBuildFile; fileRef = A200003C /* TradeHistoryService.swift */; };
		A100003B /* TradeHistoryViewModel.swift in Sources */ = {isa = PBXBuildFile; fileRef = A200003D /* TradeHistoryViewModel.swift */; };
		A100003C /* TradeHistoryView.swift in Sources */ = {isa = PBXBuildFile; fileRef = A200003E /* TradeHistoryView.swift */; };
		A1000040 /* LeftSidebar.swift in Sources */ = {isa = PBXBuildFile; fileRef = A2000040 /* LeftSidebar.swift */; };
		A1000041 /* MultiTimeframeViewModel.swift in Sources */ = {isa = PBXBuildFile; fileRef = A2000041 /* MultiTimeframeViewModel.swift */; };
		A1000042 /* MultiTimeframeView.swift in Sources */ = {isa = PBXBuildFile; fileRef = A2000042 /* MultiTimeframeView.swift */; };
		A1000050 /* Drawing.swift in Sources */ = {isa = PBXBuildFile; fileRef = A2000050 /* Drawing.swift */; };
		A1000051 /* DrawingMath.swift in Sources */ = {isa = PBXBuildFile; fileRef = A2000051 /* DrawingMath.swift */; };
		A1000052 /* NativeMarketDataCoordinator.swift in Sources */ = {isa = PBXBuildFile; fileRef = A2000052 /* NativeMarketDataCoordinator.swift */; };
		AA000040 /* NativeTradingCoordinator.swift in Sources */ = {isa = PBXBuildFile; fileRef = AA000041 /* NativeTradingCoordinator.swift */; };
		AA000046 /* NativeNewsCoordinator.swift in Sources */ = {isa = PBXBuildFile; fileRef = AA000047 /* NativeNewsCoordinator.swift */; };
		AA000060 /* NativeTradeHistoryService.swift in Sources */ = {isa = PBXBuildFile; fileRef = AA000061 /* NativeTradeHistoryService.swift */; };
		AA000070 /* LiveCandleMulticaster.swift in Sources */ = {isa = PBXBuildFile; fileRef = AA000071 /* LiveCandleMulticaster.swift */; };
		AA000042 /* PnLConverter.swift in Sources */ = {isa = PBXBuildFile; fileRef = AA000043 /* PnLConverter.swift */; };
		A1000060 /* DukascopyClient in Frameworks */ = {isa = PBXBuildFile; productRef = AA000002 /* DukascopyClient */; };
		AA000010 /* DukascopyAccount.swift in Sources */ = {isa = PBXBuildFile; fileRef = AA000011 /* DukascopyAccount.swift */; };
		AA000012 /* KeychainStore.swift in Sources */ = {isa = PBXBuildFile; fileRef = AA000013 /* KeychainStore.swift */; };
		AA000014 /* AccountStore.swift in Sources */ = {isa = PBXBuildFile; fileRef = AA000015 /* AccountStore.swift */; };
		AA000016 /* StandaloneAuthViewModel.swift in Sources */ = {isa = PBXBuildFile; fileRef = AA000017 /* StandaloneAuthViewModel.swift */; };
		AA000018 /* StandaloneLoginSheet.swift in Sources */ = {isa = PBXBuildFile; fileRef = AA000019 /* StandaloneLoginSheet.swift */; };
		AA000020 /* NativePinSheet.swift in Sources */ = {isa = PBXBuildFile; fileRef = AA000021 /* NativePinSheet.swift */; };
		B1000001 /* SessionCalculatorTests.swift in Sources */ = {isa = PBXBuildFile; fileRef = B2000001 /* SessionCalculatorTests.swift */; };
		B1000002 /* CandleCacheTests.swift in Sources */ = {isa = PBXBuildFile; fileRef = B2000002 /* CandleCacheTests.swift */; };
		B1000200 /* ChartSideTests.swift in Sources */ = {isa = PBXBuildFile; fileRef = B2000200 /* ChartSideTests.swift */; };
		B1000003 /* ForexAPIServiceTests.swift in Sources */ = {isa = PBXBuildFile; fileRef = B2000003 /* ForexAPIServiceTests.swift */; };
		B1000004 /* MockMarketDataCoordinator.swift in Sources */ = {isa = PBXBuildFile; fileRef = B2000004 /* MockMarketDataCoordinator.swift */; };
		B1000005 /* ChartViewModelTests.swift in Sources */ = {isa = PBXBuildFile; fileRef = B2000005 /* ChartViewModelTests.swift */; };
		B1000090 /* PositionMetadataTests.swift in Sources */ = {isa = PBXBuildFile; fileRef = B2000090 /* PositionMetadataTests.swift */; };
		B1000100 /* CustomCorrelationTests.swift in Sources */ = {isa = PBXBuildFile; fileRef = B2000100 /* CustomCorrelationTests.swift */; };
		AA000072 /* LiveCandleMulticasterTests.swift in Sources */ = {isa = PBXBuildFile; fileRef = AA000073 /* LiveCandleMulticasterTests.swift */; };
		B1000006 /* OneClickOrderTests.swift in Sources */ = {isa = PBXBuildFile; fileRef = B2000006 /* OneClickOrderTests.swift */; };
		B1000007 /* TradingDayATRTests.swift in Sources */ = {isa = PBXBuildFile; fileRef = B2000007 /* TradingDayATRTests.swift */; };
		B1000008 /* TabStateBackwardCompatTests.swift in Sources */ = {isa = PBXBuildFile; fileRef = B2000008 /* TabStateBackwardCompatTests.swift */; };
		B100000A /* WorkspaceSidebarSortTests.swift in Sources */ = {isa = PBXBuildFile; fileRef = B200000A /* WorkspaceSidebarSortTests.swift */; };
		B100000B /* WorkspacePeriodCycleTests.swift in Sources */ = {isa = PBXBuildFile; fileRef = B200000B /* WorkspacePeriodCycleTests.swift */; };
		B100000C /* PositionSizingTests.swift in Sources */ = {isa = PBXBuildFile; fileRef = B200000C /* PositionSizingTests.swift */; };
		B100000D /* TradingViewModelTests.swift in Sources */ = {isa = PBXBuildFile; fileRef = B200000D /* TradingViewModelTests.swift */; };
		B100000E /* WebSocketStreamDriverTests.swift in Sources */ = {isa = PBXBuildFile; fileRef = B200000E /* WebSocketStreamDriverTests.swift */; };
		B100000F /* NYTradingCalendarTests.swift in Sources */ = {isa = PBXBuildFile; fileRef = B200000F /* NYTradingCalendarTests.swift */; };
		B1000010 /* BarAggregatorTests.swift in Sources */ = {isa = PBXBuildFile; fileRef = B2000010 /* BarAggregatorTests.swift */; };
		B1000011 /* DiskCandleCacheTests.swift in Sources */ = {isa = PBXBuildFile; fileRef = B2000011 /* DiskCandleCacheTests.swift */; };
		B1000012 /* BarAggregatorEndToEndTests.swift in Sources */ = {isa = PBXBuildFile; fileRef = B2000012 /* BarAggregatorEndToEndTests.swift */; };
		B1000013 /* TradeHistoryTests.swift in Sources */ = {isa = PBXBuildFile; fileRef = B2000013 /* TradeHistoryTests.swift */; };
		B1000014 /* MultiTimeframeViewModelTests.swift in Sources */ = {isa = PBXBuildFile; fileRef = B2000014 /* MultiTimeframeViewModelTests.swift */; };
		B1000050 /* DrawingTests.swift in Sources */ = {isa = PBXBuildFile; fileRef = B2000050 /* DrawingTests.swift */; };
		B1000051 /* LeftSidebarGroupingTests.swift in Sources */ = {isa = PBXBuildFile; fileRef = B2000051 /* LeftSidebarGroupingTests.swift */; };
		B1000060 /* NativeStandaloneTests.swift in Sources */ = {isa = PBXBuildFile; fileRef = B2000060 /* NativeStandaloneTests.swift */; };
		B1000061 /* StandaloneAuthViewModelTests.swift in Sources */ = {isa = PBXBuildFile; fileRef = B2000061 /* StandaloneAuthViewModelTests.swift */; };
/* End PBXBuildFile section */

/* Begin PBXContainerItemProxy section */
		B4000001 /* PBXContainerItemProxy */ = {
			isa = PBXContainerItemProxy;
			containerPortal = A8000001 /* Project object */;
			proxyType = 1;
			remoteGlobalIDString = A5000001;
			remoteInfo = SwiftTrader;
		};
/* End PBXContainerItemProxy section */

/* Begin PBXFileReference section */
		A2000001 /* SwiftTraderApp.swift */ = {isa = PBXFileReference; lastKnownFileType = sourcecode.swift; path = SwiftTraderApp.swift; sourceTree = "<group>"; };
		A2000002 /* ContentView.swift */ = {isa = PBXFileReference; lastKnownFileType = sourcecode.swift; path = ContentView.swift; sourceTree = "<group>"; };
		A2000003 /* CandleBar.swift */ = {isa = PBXFileReference; lastKnownFileType = sourcecode.swift; path = CandleBar.swift; sourceTree = "<group>"; };
		A2000004 /* ForexAPIService.swift */ = {isa = PBXFileReference; lastKnownFileType = sourcecode.swift; path = ForexAPIService.swift; sourceTree = "<group>"; };
		A2000005 /* ForexWebSocketService.swift */ = {isa = PBXFileReference; lastKnownFileType = sourcecode.swift; path = ForexWebSocketService.swift; sourceTree = "<group>"; };
		A2000006 /* ChartViewModel.swift */ = {isa = PBXFileReference; lastKnownFileType = sourcecode.swift; path = ChartViewModel.swift; sourceTree = "<group>"; };
		A2000007 /* ChartView.swift */ = {isa = PBXFileReference; lastKnownFileType = sourcecode.swift; path = ChartView.swift; sourceTree = "<group>"; };
		A2000008 /* ChartTransform.swift */ = {isa = PBXFileReference; lastKnownFileType = sourcecode.swift; path = ChartTransform.swift; sourceTree = "<group>"; };
		A2000009 /* Info.plist */ = {isa = PBXFileReference; lastKnownFileType = text.plist.xml; path = Info.plist; sourceTree = "<group>"; };
		AA000050 /* Assets.xcassets */ = {isa = PBXFileReference; lastKnownFileType = folder.assetcatalog; path = Assets.xcassets; sourceTree = "<group>"; };
		A200000A /* ScrollWheelView.swift */ = {isa = PBXFileReference; lastKnownFileType = sourcecode.swift; path = ScrollWheelView.swift; sourceTree = "<group>"; };
		A200000B /* MarketDataCoordinator.swift */ = {isa = PBXFileReference; lastKnownFileType = sourcecode.swift; path = MarketDataCoordinator.swift; sourceTree = "<group>"; };
		A200000C /* WorkspaceViewModel.swift */ = {isa = PBXFileReference; lastKnownFileType = sourcecode.swift; path = WorkspaceViewModel.swift; sourceTree = "<group>"; };
		A200000D /* WindowAccessor.swift */ = {isa = PBXFileReference; lastKnownFileType = sourcecode.swift; path = WindowAccessor.swift; sourceTree = "<group>"; };
		A200000E /* BottomPanel.swift */ = {isa = PBXFileReference; lastKnownFileType = sourcecode.swift; path = BottomPanel.swift; sourceTree = "<group>"; };
		AA000045 /* ButtonStyles.swift */ = {isa = PBXFileReference; lastKnownFileType = sourcecode.swift; path = ButtonStyles.swift; sourceTree = "<group>"; };
		A200000F /* RightPanel.swift */ = {isa = PBXFileReference; lastKnownFileType = sourcecode.swift; path = RightPanel.swift; sourceTree = "<group>"; };
		A2000010 /* AppSettings.swift */ = {isa = PBXFileReference; lastKnownFileType = sourcecode.swift; path = AppSettings.swift; sourceTree = "<group>"; };
		A2000011 /* SettingsView.swift */ = {isa = PBXFileReference; lastKnownFileType = sourcecode.swift; path = SettingsView.swift; sourceTree = "<group>"; };
		A2000012 /* Position.swift */ = {isa = PBXFileReference; lastKnownFileType = sourcecode.swift; path = Position.swift; sourceTree = "<group>"; };
		A2000013 /* TradingAPIService.swift */ = {isa = PBXFileReference; lastKnownFileType = sourcecode.swift; path = TradingAPIService.swift; sourceTree = "<group>"; };
		A2000014 /* TradingWebSocketService.swift */ = {isa = PBXFileReference; lastKnownFileType = sourcecode.swift; path = TradingWebSocketService.swift; sourceTree = "<group>"; };
		A2000015 /* TradingCoordinator.swift */ = {isa = PBXFileReference; lastKnownFileType = sourcecode.swift; path = TradingCoordinator.swift; sourceTree = "<group>"; };
		A2000016 /* TradingViewModel.swift */ = {isa = PBXFileReference; lastKnownFileType = sourcecode.swift; path = TradingViewModel.swift; sourceTree = "<group>"; };
		A2000017 /* OrderEntryView.swift */ = {isa = PBXFileReference; lastKnownFileType = sourcecode.swift; path = OrderEntryView.swift; sourceTree = "<group>"; };
		A2000018 /* CandleCache.swift */ = {isa = PBXFileReference; lastKnownFileType = sourcecode.swift; path = CandleCache.swift; sourceTree = "<group>"; };
		A2000019 /* CurrencyCorrelation.swift */ = {isa = PBXFileReference; lastKnownFileType = sourcecode.swift; path = CurrencyCorrelation.swift; sourceTree = "<group>"; };
		A200001A /* CorrelationViewModel.swift */ = {isa = PBXFileReference; lastKnownFileType = sourcecode.swift; path = CorrelationViewModel.swift; sourceTree = "<group>"; };
		A200001B /* CorrelationView.swift */ = {isa = PBXFileReference; lastKnownFileType = sourcecode.swift; path = CorrelationView.swift; sourceTree = "<group>"; };
		A200001C /* MarketSession.swift */ = {isa = PBXFileReference; lastKnownFileType = sourcecode.swift; path = MarketSession.swift; sourceTree = "<group>"; };
		A200001D /* SessionCalculator.swift */ = {isa = PBXFileReference; lastKnownFileType = sourcecode.swift; path = SessionCalculator.swift; sourceTree = "<group>"; };
		A200001E /* EMAConfig.swift */ = {isa = PBXFileReference; lastKnownFileType = sourcecode.swift; path = EMAConfig.swift; sourceTree = "<group>"; };
		A200001F /* EMAPopover.swift */ = {isa = PBXFileReference; lastKnownFileType = sourcecode.swift; path = EMAPopover.swift; sourceTree = "<group>"; };
		A2000020 /* AuthService.swift */ = {isa = PBXFileReference; lastKnownFileType = sourcecode.swift; path = AuthService.swift; sourceTree = "<group>"; };
		A2000021 /* AuthViewModel.swift */ = {isa = PBXFileReference; lastKnownFileType = sourcecode.swift; path = AuthViewModel.swift; sourceTree = "<group>"; };
		A2000022 /* PinEntrySheet.swift */ = {isa = PBXFileReference; lastKnownFileType = sourcecode.swift; path = PinEntrySheet.swift; sourceTree = "<group>"; };
		A2000023 /* Account.swift */ = {isa = PBXFileReference; lastKnownFileType = sourcecode.swift; path = Account.swift; sourceTree = "<group>"; };
		A2000024 /* TabState.swift */ = {isa = PBXFileReference; lastKnownFileType = sourcecode.swift; path = TabState.swift; sourceTree = "<group>"; };
		A2000025 /* WorkspaceStateService.swift */ = {isa = PBXFileReference; lastKnownFileType = sourcecode.swift; path = WorkspaceStateService.swift; sourceTree = "<group>"; };
		A2000091 /* PositionMetadataStore.swift */ = {isa = PBXFileReference; lastKnownFileType = sourcecode.swift; path = PositionMetadataStore.swift; sourceTree = "<group>"; };
		A2000100 /* CustomCorrelation.swift */ = {isa = PBXFileReference; lastKnownFileType = sourcecode.swift; path = CustomCorrelation.swift; sourceTree = "<group>"; };
		A2000101 /* CustomCorrelationStore.swift */ = {isa = PBXFileReference; lastKnownFileType = sourcecode.swift; path = CustomCorrelationStore.swift; sourceTree = "<group>"; };
		A2000102 /* CustomCorrelationSheet.swift */ = {isa = PBXFileReference; lastKnownFileType = sourcecode.swift; path = CustomCorrelationSheet.swift; sourceTree = "<group>"; };
		A2000027 /* MarketDataProviding.swift */ = {isa = PBXFileReference; lastKnownFileType = sourcecode.swift; path = MarketDataProviding.swift; sourceTree = "<group>"; };
		A2000028 /* TradingDayATR.swift */ = {isa = PBXFileReference; lastKnownFileType = sourcecode.swift; path = TradingDayATR.swift; sourceTree = "<group>"; };
		A2000029 /* ATRPopover.swift */ = {isa = PBXFileReference; lastKnownFileType = sourcecode.swift; path = ATRPopover.swift; sourceTree = "<group>"; };
		A200002A /* VolumeMAPopover.swift */ = {isa = PBXFileReference; lastKnownFileType = sourcecode.swift; path = VolumeMAPopover.swift; sourceTree = "<group>"; };
		A200002B /* VisualOrderState.swift */ = {isa = PBXFileReference; lastKnownFileType = sourcecode.swift; path = VisualOrderState.swift; sourceTree = "<group>"; };
		A200002C /* NewsItem.swift */ = {isa = PBXFileReference; lastKnownFileType = sourcecode.swift; path = NewsItem.swift; sourceTree = "<group>"; };
		A200002D /* NewsCoordinator.swift */ = {isa = PBXFileReference; lastKnownFileType = sourcecode.swift; path = NewsCoordinator.swift; sourceTree = "<group>"; };
		A200002F /* ShortcutsPopover.swift */ = {isa = PBXFileReference; lastKnownFileType = sourcecode.swift; path = ShortcutsPopover.swift; sourceTree = "<group>"; };
		A2000030 /* PositionSizing.swift */ = {isa = PBXFileReference; lastKnownFileType = sourcecode.swift; path = PositionSizing.swift; sourceTree = "<group>"; };
		A2000031 /* WebSocketStreamError.swift */ = {isa = PBXFileReference; lastKnownFileType = sourcecode.swift; path = WebSocketStreamError.swift; sourceTree = "<group>"; };
		A2000032 /* WebSocketStreamDriver.swift */ = {isa = PBXFileReference; lastKnownFileType = sourcecode.swift; path = WebSocketStreamDriver.swift; sourceTree = "<group>"; };
		A2000033 /* NYTradingCalendar.swift */ = {isa = PBXFileReference; lastKnownFileType = sourcecode.swift; path = NYTradingCalendar.swift; sourceTree = "<group>"; };
		A2000034 /* BarAggregator.swift */ = {isa = PBXFileReference; lastKnownFileType = sourcecode.swift; path = BarAggregator.swift; sourceTree = "<group>"; };
		A2000035 /* DiskCandleCache.swift */ = {isa = PBXFileReference; lastKnownFileType = sourcecode.swift; path = DiskCandleCache.swift; sourceTree = "<group>"; };
		A2000036 /* LoadingStatus.swift */ = {isa = PBXFileReference; lastKnownFileType = sourcecode.swift; path = LoadingStatus.swift; sourceTree = "<group>"; };
		A2000037 /* ChartLoadingCard.swift */ = {isa = PBXFileReference; lastKnownFileType = sourcecode.swift; path = ChartLoadingCard.swift; sourceTree = "<group>"; };
		A2000038 /* PendingOrder.swift */ = {isa = PBXFileReference; lastKnownFileType = sourcecode.swift; path = PendingOrder.swift; sourceTree = "<group>"; };
		A2000200 /* ChartSide.swift */ = {isa = PBXFileReference; lastKnownFileType = sourcecode.swift; path = ChartSide.swift; sourceTree = "<group>"; };
		A2000039 /* PendingOrdersWebSocketService.swift */ = {isa = PBXFileReference; lastKnownFileType = sourcecode.swift; path = PendingOrdersWebSocketService.swift; sourceTree = "<group>"; };
		A200003A /* TradeRecord.swift */ = {isa = PBXFileReference; lastKnownFileType = sourcecode.swift; path = TradeRecord.swift; sourceTree = "<group>"; };
		A2000090 /* PositionMetadata.swift */ = {isa = PBXFileReference; lastKnownFileType = sourcecode.swift; path = PositionMetadata.swift; sourceTree = "<group>"; };
		A200003B /* DateRangePreset.swift */ = {isa = PBXFileReference; lastKnownFileType = sourcecode.swift; path = DateRangePreset.swift; sourceTree = "<group>"; };
		A200003C /* TradeHistoryService.swift */ = {isa = PBXFileReference; lastKnownFileType = sourcecode.swift; path = TradeHistoryService.swift; sourceTree = "<group>"; };
		A200003D /* TradeHistoryViewModel.swift */ = {isa = PBXFileReference; lastKnownFileType = sourcecode.swift; path = TradeHistoryViewModel.swift; sourceTree = "<group>"; };
		A200003E /* TradeHistoryView.swift */ = {isa = PBXFileReference; lastKnownFileType = sourcecode.swift; path = TradeHistoryView.swift; sourceTree = "<group>"; };
		A2000040 /* LeftSidebar.swift */ = {isa = PBXFileReference; lastKnownFileType = sourcecode.swift; path = LeftSidebar.swift; sourceTree = "<group>"; };
		A2000041 /* MultiTimeframeViewModel.swift */ = {isa = PBXFileReference; lastKnownFileType = sourcecode.swift; path = MultiTimeframeViewModel.swift; sourceTree = "<group>"; };
		A2000042 /* MultiTimeframeView.swift */ = {isa = PBXFileReference; lastKnownFileType = sourcecode.swift; path = MultiTimeframeView.swift; sourceTree = "<group>"; };
		A2000050 /* Drawing.swift */ = {isa = PBXFileReference; lastKnownFileType = sourcecode.swift; path = Drawing.swift; sourceTree = "<group>"; };
		A2000051 /* DrawingMath.swift */ = {isa = PBXFileReference; lastKnownFileType = sourcecode.swift; path = DrawingMath.swift; sourceTree = "<group>"; };
		A2000052 /* NativeMarketDataCoordinator.swift */ = {isa = PBXFileReference; lastKnownFileType = sourcecode.swift; path = NativeMarketDataCoordinator.swift; sourceTree = "<group>"; };
		AA000041 /* NativeTradingCoordinator.swift */ = {isa = PBXFileReference; lastKnownFileType = sourcecode.swift; path = NativeTradingCoordinator.swift; sourceTree = "<group>"; };
		AA000047 /* NativeNewsCoordinator.swift */ = {isa = PBXFileReference; lastKnownFileType = sourcecode.swift; path = NativeNewsCoordinator.swift; sourceTree = "<group>"; };
		AA000061 /* NativeTradeHistoryService.swift */ = {isa = PBXFileReference; lastKnownFileType = sourcecode.swift; path = NativeTradeHistoryService.swift; sourceTree = "<group>"; };
		AA000071 /* LiveCandleMulticaster.swift */ = {isa = PBXFileReference; lastKnownFileType = sourcecode.swift; path = LiveCandleMulticaster.swift; sourceTree = "<group>"; };
		AA000043 /* PnLConverter.swift */ = {isa = PBXFileReference; lastKnownFileType = sourcecode.swift; path = PnLConverter.swift; sourceTree = "<group>"; };
		A3000001 /* SwiftTrader.app */ = {isa = PBXFileReference; explicitFileType = wrapper.application; includeInIndex = 0; path = SwiftTrader.app; sourceTree = BUILT_PRODUCTS_DIR; };
		AA000001 /* Packages/DukascopyClient */ = {isa = PBXFileReference; lastKnownFileType = wrapper; path = Packages/DukascopyClient; sourceTree = "<group>"; };
		AA000011 /* DukascopyAccount.swift */ = {isa = PBXFileReference; lastKnownFileType = sourcecode.swift; path = DukascopyAccount.swift; sourceTree = "<group>"; };
		AA000013 /* KeychainStore.swift */ = {isa = PBXFileReference; lastKnownFileType = sourcecode.swift; path = KeychainStore.swift; sourceTree = "<group>"; };
		AA000015 /* AccountStore.swift */ = {isa = PBXFileReference; lastKnownFileType = sourcecode.swift; path = AccountStore.swift; sourceTree = "<group>"; };
		AA000017 /* StandaloneAuthViewModel.swift */ = {isa = PBXFileReference; lastKnownFileType = sourcecode.swift; path = StandaloneAuthViewModel.swift; sourceTree = "<group>"; };
		AA000019 /* StandaloneLoginSheet.swift */ = {isa = PBXFileReference; lastKnownFileType = sourcecode.swift; path = StandaloneLoginSheet.swift; sourceTree = "<group>"; };
		AA000021 /* NativePinSheet.swift */ = {isa = PBXFileReference; lastKnownFileType = sourcecode.swift; path = NativePinSheet.swift; sourceTree = "<group>"; };
		B2000001 /* SessionCalculatorTests.swift */ = {isa = PBXFileReference; lastKnownFileType = sourcecode.swift; path = SessionCalculatorTests.swift; sourceTree = "<group>"; };
		B2000002 /* CandleCacheTests.swift */ = {isa = PBXFileReference; lastKnownFileType = sourcecode.swift; path = CandleCacheTests.swift; sourceTree = "<group>"; };
		B2000200 /* ChartSideTests.swift */ = {isa = PBXFileReference; lastKnownFileType = sourcecode.swift; path = ChartSideTests.swift; sourceTree = "<group>"; };
		B2000003 /* ForexAPIServiceTests.swift */ = {isa = PBXFileReference; lastKnownFileType = sourcecode.swift; path = ForexAPIServiceTests.swift; sourceTree = "<group>"; };
		B2000004 /* MockMarketDataCoordinator.swift */ = {isa = PBXFileReference; lastKnownFileType = sourcecode.swift; path = MockMarketDataCoordinator.swift; sourceTree = "<group>"; };
		B2000005 /* ChartViewModelTests.swift */ = {isa = PBXFileReference; lastKnownFileType = sourcecode.swift; path = ChartViewModelTests.swift; sourceTree = "<group>"; };
		B2000090 /* PositionMetadataTests.swift */ = {isa = PBXFileReference; lastKnownFileType = sourcecode.swift; path = PositionMetadataTests.swift; sourceTree = "<group>"; };
		B2000100 /* CustomCorrelationTests.swift */ = {isa = PBXFileReference; lastKnownFileType = sourcecode.swift; path = CustomCorrelationTests.swift; sourceTree = "<group>"; };
		AA000073 /* LiveCandleMulticasterTests.swift */ = {isa = PBXFileReference; lastKnownFileType = sourcecode.swift; path = LiveCandleMulticasterTests.swift; sourceTree = "<group>"; };
		B2000006 /* OneClickOrderTests.swift */ = {isa = PBXFileReference; lastKnownFileType = sourcecode.swift; path = OneClickOrderTests.swift; sourceTree = "<group>"; };
		B2000007 /* TradingDayATRTests.swift */ = {isa = PBXFileReference; lastKnownFileType = sourcecode.swift; path = TradingDayATRTests.swift; sourceTree = "<group>"; };
		B2000008 /* TabStateBackwardCompatTests.swift */ = {isa = PBXFileReference; lastKnownFileType = sourcecode.swift; path = TabStateBackwardCompatTests.swift; sourceTree = "<group>"; };
		B200000A /* WorkspaceSidebarSortTests.swift */ = {isa = PBXFileReference; lastKnownFileType = sourcecode.swift; path = WorkspaceSidebarSortTests.swift; sourceTree = "<group>"; };
		B200000B /* WorkspacePeriodCycleTests.swift */ = {isa = PBXFileReference; lastKnownFileType = sourcecode.swift; path = WorkspacePeriodCycleTests.swift; sourceTree = "<group>"; };
		B200000C /* PositionSizingTests.swift */ = {isa = PBXFileReference; lastKnownFileType = sourcecode.swift; path = PositionSizingTests.swift; sourceTree = "<group>"; };
		B200000D /* TradingViewModelTests.swift */ = {isa = PBXFileReference; lastKnownFileType = sourcecode.swift; path = TradingViewModelTests.swift; sourceTree = "<group>"; };
		B200000E /* WebSocketStreamDriverTests.swift */ = {isa = PBXFileReference; lastKnownFileType = sourcecode.swift; path = WebSocketStreamDriverTests.swift; sourceTree = "<group>"; };
		B200000F /* NYTradingCalendarTests.swift */ = {isa = PBXFileReference; lastKnownFileType = sourcecode.swift; path = NYTradingCalendarTests.swift; sourceTree = "<group>"; };
		B2000010 /* BarAggregatorTests.swift */ = {isa = PBXFileReference; lastKnownFileType = sourcecode.swift; path = BarAggregatorTests.swift; sourceTree = "<group>"; };
		B2000011 /* DiskCandleCacheTests.swift */ = {isa = PBXFileReference; lastKnownFileType = sourcecode.swift; path = DiskCandleCacheTests.swift; sourceTree = "<group>"; };
		B2000012 /* BarAggregatorEndToEndTests.swift */ = {isa = PBXFileReference; lastKnownFileType = sourcecode.swift; path = BarAggregatorEndToEndTests.swift; sourceTree = "<group>"; };
		B2000013 /* TradeHistoryTests.swift */ = {isa = PBXFileReference; lastKnownFileType = sourcecode.swift; path = TradeHistoryTests.swift; sourceTree = "<group>"; };
		B2000014 /* MultiTimeframeViewModelTests.swift */ = {isa = PBXFileReference; lastKnownFileType = sourcecode.swift; path = MultiTimeframeViewModelTests.swift; sourceTree = "<group>"; };
		B2000050 /* DrawingTests.swift */ = {isa = PBXFileReference; lastKnownFileType = sourcecode.swift; path = DrawingTests.swift; sourceTree = "<group>"; };
		B2000051 /* LeftSidebarGroupingTests.swift */ = {isa = PBXFileReference; lastKnownFileType = sourcecode.swift; path = LeftSidebarGroupingTests.swift; sourceTree = "<group>"; };
		B2000060 /* NativeStandaloneTests.swift */ = {isa = PBXFileReference; lastKnownFileType = sourcecode.swift; path = NativeStandaloneTests.swift; sourceTree = "<group>"; };
		B2000061 /* StandaloneAuthViewModelTests.swift */ = {isa = PBXFileReference; lastKnownFileType = sourcecode.swift; path = StandaloneAuthViewModelTests.swift; sourceTree = "<group>"; };
		B3000001 /* SwiftTraderTests.xctest */ = {isa = PBXFileReference; explicitFileType = wrapper.cfbundle; includeInIndex = 0; path = SwiftTraderTests.xctest; sourceTree = BUILT_PRODUCTS_DIR; };
/* End PBXFileReference section */

/* Begin PBXFrameworksBuildPhase section */
		A6000002 /* Frameworks */ = {
			isa = PBXFrameworksBuildPhase;
			buildActionMask = 2147483647;
			files = (
				A1000060 /* DukascopyClient in Frameworks */,
			);
			runOnlyForDeploymentPostprocessing = 0;
		};
/* End PBXFrameworksBuildPhase section */

/* Begin PBXResourcesBuildPhase section */
		A6000003 /* Resources */ = {
			isa = PBXResourcesBuildPhase;
			buildActionMask = 2147483647;
			files = (
				AA000051 /* Assets.xcassets in Resources */,
			);
			runOnlyForDeploymentPostprocessing = 0;
		};
/* End PBXResourcesBuildPhase section */

/* Begin PBXGroup section */
		A4000001 = {
			isa = PBXGroup;
			children = (
				AA000001 /* Packages/DukascopyClient */,
				A4000002 /* SwiftTrader */,
				B4000002 /* SwiftTraderTests */,
				A4000006 /* Products */,
			);
			sourceTree = "<group>";
		};
		A4000002 /* SwiftTrader */ = {
			isa = PBXGroup;
			children = (
				A2000001 /* SwiftTraderApp.swift */,
				A2000002 /* ContentView.swift */,
				A2000009 /* Info.plist */,
				AA000050 /* Assets.xcassets */,
				A4000003 /* Models */,
				A4000004 /* Services */,
				A4000005 /* ViewModels */,
				A4000007 /* Views */,
			);
			path = SwiftTrader;
			sourceTree = "<group>";
		};
		A4000003 /* Models */ = {
			isa = PBXGroup;
			children = (
				A2000003 /* CandleBar.swift */,
				AA000011 /* DukascopyAccount.swift */,
				AA000015 /* AccountStore.swift */,
				A2000010 /* AppSettings.swift */,
				A2000012 /* Position.swift */,
				A2000038 /* PendingOrder.swift */,
				A2000200 /* ChartSide.swift */,
				A200003A /* TradeRecord.swift */,
				A2000090 /* PositionMetadata.swift */,
				A2000100 /* CustomCorrelation.swift */,
				A200003B /* DateRangePreset.swift */,
				A2000023 /* Account.swift */,
				A2000019 /* CurrencyCorrelation.swift */,
				A200001C /* MarketSession.swift */,
				A200001D /* SessionCalculator.swift */,
				A200001E /* EMAConfig.swift */,
				A2000024 /* TabState.swift */,
				A2000028 /* TradingDayATR.swift */,
				A200002B /* VisualOrderState.swift */,
				A200002C /* NewsItem.swift */,
				A2000030 /* PositionSizing.swift */,
				A2000031 /* WebSocketStreamError.swift */,
				A2000036 /* LoadingStatus.swift */,
				A2000050 /* Drawing.swift */,
				A2000051 /* DrawingMath.swift */,
			);
			path = Models;
			sourceTree = "<group>";
		};
		A4000004 /* Services */ = {
			isa = PBXGroup;
			children = (
				A2000004 /* ForexAPIService.swift */,
				A2000005 /* ForexWebSocketService.swift */,
				A200000B /* MarketDataCoordinator.swift */,
				A2000052 /* NativeMarketDataCoordinator.swift */,
				AA000041 /* NativeTradingCoordinator.swift */,
				AA000047 /* NativeNewsCoordinator.swift */,
				AA000061 /* NativeTradeHistoryService.swift */,
				AA000071 /* LiveCandleMulticaster.swift */,
				AA000043 /* PnLConverter.swift */,
				AA000013 /* KeychainStore.swift */,
				A2000013 /* TradingAPIService.swift */,
				A2000014 /* TradingWebSocketService.swift */,
				A2000039 /* PendingOrdersWebSocketService.swift */,
				A200003C /* TradeHistoryService.swift */,
				A2000015 /* TradingCoordinator.swift */,
				A2000018 /* CandleCache.swift */,
				A2000020 /* AuthService.swift */,
				A2000025 /* WorkspaceStateService.swift */,
				A2000091 /* PositionMetadataStore.swift */,
				A2000101 /* CustomCorrelationStore.swift */,
				A2000027 /* MarketDataProviding.swift */,
				A200002D /* NewsCoordinator.swift */,
				A2000032 /* WebSocketStreamDriver.swift */,
				A2000033 /* NYTradingCalendar.swift */,
				A2000034 /* BarAggregator.swift */,
				A2000035 /* DiskCandleCache.swift */,
			);
			path = Services;
			sourceTree = "<group>";
		};
		A4000005 /* ViewModels */ = {
			isa = PBXGroup;
			children = (
				A2000006 /* ChartViewModel.swift */,
				AA000017 /* StandaloneAuthViewModel.swift */,
				A200000C /* WorkspaceViewModel.swift */,
				A2000016 /* TradingViewModel.swift */,
				A200003D /* TradeHistoryViewModel.swift */,
				A200001A /* CorrelationViewModel.swift */,
				A2000041 /* MultiTimeframeViewModel.swift */,
				A2000021 /* AuthViewModel.swift */,
			);
			path = ViewModels;
			sourceTree = "<group>";
		};
		A4000006 /* Products */ = {
			isa = PBXGroup;
			children = (
				A3000001 /* SwiftTrader.app */,
				B3000001 /* SwiftTraderTests.xctest */,
			);
			name = Products;
			sourceTree = "<group>";
		};
		A4000007 /* Views */ = {
			isa = PBXGroup;
			children = (
				A2000007 /* ChartView.swift */,
				AA000019 /* StandaloneLoginSheet.swift */,
				A2000008 /* ChartTransform.swift */,
				A200000A /* ScrollWheelView.swift */,
				A200000D /* WindowAccessor.swift */,
				A200000E /* BottomPanel.swift */,
				AA000045 /* ButtonStyles.swift */,
				A200000F /* RightPanel.swift */,
				A2000011 /* SettingsView.swift */,
				A2000017 /* OrderEntryView.swift */,
				A200001B /* CorrelationView.swift */,
				A200001F /* EMAPopover.swift */,
				A2000022 /* PinEntrySheet.swift */,
				AA000021 /* NativePinSheet.swift */,
				A2000029 /* ATRPopover.swift */,
				A200002A /* VolumeMAPopover.swift */,
				A200002F /* ShortcutsPopover.swift */,
				A2000037 /* ChartLoadingCard.swift */,
				A200003E /* TradeHistoryView.swift */,
				A2000040 /* LeftSidebar.swift */,
				A2000102 /* CustomCorrelationSheet.swift */,
				A2000042 /* MultiTimeframeView.swift */,
			);
			path = Views;
			sourceTree = "<group>";
		};
		B4000002 /* SwiftTraderTests */ = {
			isa = PBXGroup;
			children = (
				B2000001 /* SessionCalculatorTests.swift */,
				B2000002 /* CandleCacheTests.swift */,
				B2000200 /* ChartSideTests.swift */,
				B2000060 /* NativeStandaloneTests.swift */,
				B2000061 /* StandaloneAuthViewModelTests.swift */,
				B2000003 /* ForexAPIServiceTests.swift */,
				B2000004 /* MockMarketDataCoordinator.swift */,
				B2000005 /* ChartViewModelTests.swift */,
				B2000090 /* PositionMetadataTests.swift */,
				B2000100 /* CustomCorrelationTests.swift */,
				AA000073 /* LiveCandleMulticasterTests.swift */,
				B2000006 /* OneClickOrderTests.swift */,
				B2000007 /* TradingDayATRTests.swift */,
				B2000008 /* TabStateBackwardCompatTests.swift */,
				B200000A /* WorkspaceSidebarSortTests.swift */,
				B200000B /* WorkspacePeriodCycleTests.swift */,
				B200000C /* PositionSizingTests.swift */,
				B200000D /* TradingViewModelTests.swift */,
				B200000E /* WebSocketStreamDriverTests.swift */,
				B200000F /* NYTradingCalendarTests.swift */,
				B2000010 /* BarAggregatorTests.swift */,
				B2000011 /* DiskCandleCacheTests.swift */,
				B2000012 /* BarAggregatorEndToEndTests.swift */,
				B2000013 /* TradeHistoryTests.swift */,
				B2000014 /* MultiTimeframeViewModelTests.swift */,
				B2000050 /* DrawingTests.swift */,
				B2000051 /* LeftSidebarGroupingTests.swift */,
			);
			path = SwiftTraderTests;
			sourceTree = "<group>";
		};
/* End PBXGroup section */

/* Begin PBXNativeTarget section */
		A5000001 /* SwiftTrader */ = {
			isa = PBXNativeTarget;
			buildConfigurationList = A7000003 /* Build configuration list for PBXNativeTarget "SwiftTrader" */;
			buildPhases = (
				A6000001 /* Sources */,
				A6000002 /* Frameworks */,
				A6000003 /* Resources */,
			);
			buildRules = (
			);
			dependencies = (
			);
			name = SwiftTrader;
			packageProductDependencies = (
				AA000002 /* DukascopyClient */,
			);
			productName = SwiftTrader;
			productReference = A3000001 /* SwiftTrader.app */;
			productType = "com.apple.product-type.application";
		};
		B5000001 /* SwiftTraderTests */ = {
			isa = PBXNativeTarget;
			buildConfigurationList = B7000001 /* Build configuration list for PBXNativeTarget "SwiftTraderTests" */;
			buildPhases = (
				B6000001 /* Sources */,
			);
			buildRules = (
			);
			dependencies = (
				B4000003 /* PBXTargetDependency */,
			);
			name = SwiftTraderTests;
			productName = SwiftTraderTests;
			productReference = B3000001 /* SwiftTraderTests.xctest */;
			productType = "com.apple.product-type.bundle.unit-test";
		};
/* End PBXNativeTarget section */

/* Begin PBXProject section */
		A8000001 /* Project object */ = {
			isa = PBXProject;
			attributes = {
				BuildIndependentTargetsInParallel = 1;
				LastSwiftUpdateCheck = 1600;
				LastUpgradeCheck = 2650;
			};
			buildConfigurationList = A7000001 /* Build configuration list for PBXProject "SwiftTrader" */;
			developmentRegion = en;
			hasScannedForEncodings = 0;
			knownRegions = (
				en,
				Base,
			);
			mainGroup = A4000001;
			preferredProjectObjectVersion = 77;
			productRefGroup = A4000006 /* Products */;
			projectDirPath = "";
			projectRoot = "";
			targets = (
				A5000001 /* SwiftTrader */,
				B5000001 /* SwiftTraderTests */,
			);
		};
/* End PBXProject section */

/* Begin PBXSourcesBuildPhase section */
		A6000001 /* Sources */ = {
			isa = PBXSourcesBuildPhase;
			buildActionMask = 2147483647;
			files = (
				A1000001 /* SwiftTraderApp.swift in Sources */,
				A1000002 /* ContentView.swift in Sources */,
				A1000003 /* CandleBar.swift in Sources */,
				A1000004 /* ForexAPIService.swift in Sources */,
				A1000005 /* ForexWebSocketService.swift in Sources */,
				A1000006 /* ChartViewModel.swift in Sources */,
				A1000007 /* ChartView.swift in Sources */,
				A1000008 /* ChartTransform.swift in Sources */,
				A1000009 /* ScrollWheelView.swift in Sources */,
				A100000A /* MarketDataCoordinator.swift in Sources */,
				A100000B /* WorkspaceViewModel.swift in Sources */,
				A100000C /* WindowAccessor.swift in Sources */,
				A100000D /* BottomPanel.swift in Sources */,
				AA000044 /* ButtonStyles.swift in Sources */,
				A100000E /* RightPanel.swift in Sources */,
				A100000F /* AppSettings.swift in Sources */,
				A1000010 /* SettingsView.swift in Sources */,
				A1000011 /* Position.swift in Sources */,
				A1000012 /* TradingAPIService.swift in Sources */,
				A1000013 /* TradingWebSocketService.swift in Sources */,
				A1000014 /* TradingCoordinator.swift in Sources */,
				A1000015 /* TradingViewModel.swift in Sources */,
				A1000016 /* OrderEntryView.swift in Sources */,
				A1000017 /* CandleCache.swift in Sources */,
				A1000018 /* CurrencyCorrelation.swift in Sources */,
				A1000019 /* CorrelationViewModel.swift in Sources */,
				A100001A /* CorrelationView.swift in Sources */,
				A100001B /* MarketSession.swift in Sources */,
				A100001C /* SessionCalculator.swift in Sources */,
				A100001D /* EMAConfig.swift in Sources */,
				A100001E /* EMAPopover.swift in Sources */,
				A100001F /* AuthService.swift in Sources */,
				A1000020 /* AuthViewModel.swift in Sources */,
				A1000021 /* PinEntrySheet.swift in Sources */,
				A1000022 /* Account.swift in Sources */,
				A1000023 /* TabState.swift in Sources */,
				A1000024 /* WorkspaceStateService.swift in Sources */,
				A1000025 /* MarketDataProviding.swift in Sources */,
				A1000026 /* TradingDayATR.swift in Sources */,
				A1000027 /* ATRPopover.swift in Sources */,
				A1000028 /* VolumeMAPopover.swift in Sources */,
				A1000029 /* VisualOrderState.swift in Sources */,
				A100002A /* NewsItem.swift in Sources */,
				A100002B /* NewsCoordinator.swift in Sources */,
				A100002D /* ShortcutsPopover.swift in Sources */,
				A100002E /* PositionSizing.swift in Sources */,
				A100002F /* WebSocketStreamError.swift in Sources */,
				A1000030 /* WebSocketStreamDriver.swift in Sources */,
				A1000031 /* NYTradingCalendar.swift in Sources */,
				A1000032 /* BarAggregator.swift in Sources */,
				A1000033 /* DiskCandleCache.swift in Sources */,
				A1000034 /* LoadingStatus.swift in Sources */,
				A1000035 /* ChartLoadingCard.swift in Sources */,
				A1000036 /* PendingOrder.swift in Sources */,
				A1000200 /* ChartSide.swift in Sources */,
				A1000037 /* PendingOrdersWebSocketService.swift in Sources */,
				A1000038 /* TradeRecord.swift in Sources */,
				A1000090 /* PositionMetadata.swift in Sources */,
				A1000091 /* PositionMetadataStore.swift in Sources */,
				A1000100 /* CustomCorrelation.swift in Sources */,
				A1000101 /* CustomCorrelationStore.swift in Sources */,
				A1000102 /* CustomCorrelationSheet.swift in Sources */,
				A1000039 /* DateRangePreset.swift in Sources */,
				A100003A /* TradeHistoryService.swift in Sources */,
				A100003B /* TradeHistoryViewModel.swift in Sources */,
				A100003C /* TradeHistoryView.swift in Sources */,
				A1000040 /* LeftSidebar.swift in Sources */,
				A1000041 /* MultiTimeframeViewModel.swift in Sources */,
				A1000042 /* MultiTimeframeView.swift in Sources */,
				A1000050 /* Drawing.swift in Sources */,
				A1000051 /* DrawingMath.swift in Sources */,
				A1000052 /* NativeMarketDataCoordinator.swift in Sources */,
				AA000040 /* NativeTradingCoordinator.swift in Sources */,
				AA000046 /* NativeNewsCoordinator.swift in Sources */,
				AA000060 /* NativeTradeHistoryService.swift in Sources */,
				AA000070 /* LiveCandleMulticaster.swift in Sources */,
				AA000042 /* PnLConverter.swift in Sources */,
				AA000010 /* DukascopyAccount.swift in Sources */,
				AA000012 /* KeychainStore.swift in Sources */,
				AA000014 /* AccountStore.swift in Sources */,
				AA000016 /* StandaloneAuthViewModel.swift in Sources */,
				AA000018 /* StandaloneLoginSheet.swift in Sources */,
				AA000020 /* NativePinSheet.swift in Sources */,
			);
			runOnlyForDeploymentPostprocessing = 0;
		};
		B6000001 /* Sources */ = {
			isa = PBXSourcesBuildPhase;
			buildActionMask = 2147483647;
			files = (
				B1000001 /* SessionCalculatorTests.swift in Sources */,
				B1000002 /* CandleCacheTests.swift in Sources */,
				B1000200 /* ChartSideTests.swift in Sources */,
				B1000060 /* NativeStandaloneTests.swift in Sources */,
				B1000061 /* StandaloneAuthViewModelTests.swift in Sources */,
				B1000003 /* ForexAPIServiceTests.swift in Sources */,
				B1000004 /* MockMarketDataCoordinator.swift in Sources */,
				B1000005 /* ChartViewModelTests.swift in Sources */,
				B1000090 /* PositionMetadataTests.swift in Sources */,
				B1000100 /* CustomCorrelationTests.swift in Sources */,
				AA000072 /* LiveCandleMulticasterTests.swift in Sources */,
				B1000006 /* OneClickOrderTests.swift in Sources */,
				B1000007 /* TradingDayATRTests.swift in Sources */,
				B1000008 /* TabStateBackwardCompatTests.swift in Sources */,
				B100000A /* WorkspaceSidebarSortTests.swift in Sources */,
				B100000B /* WorkspacePeriodCycleTests.swift in Sources */,
				B100000C /* PositionSizingTests.swift in Sources */,
				B100000D /* TradingViewModelTests.swift in Sources */,
				B100000E /* WebSocketStreamDriverTests.swift in Sources */,
				B100000F /* NYTradingCalendarTests.swift in Sources */,
				B1000010 /* BarAggregatorTests.swift in Sources */,
				B1000011 /* DiskCandleCacheTests.swift in Sources */,
				B1000012 /* BarAggregatorEndToEndTests.swift in Sources */,
				B1000013 /* TradeHistoryTests.swift in Sources */,
				B1000014 /* MultiTimeframeViewModelTests.swift in Sources */,
				B1000050 /* DrawingTests.swift in Sources */,
				B1000051 /* LeftSidebarGroupingTests.swift in Sources */,
			);
			runOnlyForDeploymentPostprocessing = 0;
		};
/* End PBXSourcesBuildPhase section */

/* Begin PBXTargetDependency section */
		B4000003 /* PBXTargetDependency */ = {
			isa = PBXTargetDependency;
			target = A5000001 /* SwiftTrader */;
			targetProxy = B4000001 /* PBXContainerItemProxy */;
		};
/* End PBXTargetDependency section */

/* Begin XCBuildConfiguration section */
		A9000001 /* Debug */ = {
			isa = XCBuildConfiguration;
			buildSettings = {
				ALWAYS_SEARCH_USER_PATHS = NO;
				CLANG_ENABLE_MODULES = YES;
				CLANG_WARN_BLOCK_CAPTURE_AUTORELEASING = YES;
				CLANG_WARN_BOOL_CONVERSION = YES;
				CLANG_WARN_COMMA = YES;
				CLANG_WARN_CONSTANT_CONVERSION = YES;
				CLANG_WARN_DEPRECATED_OBJC_IMPLEMENTATIONS = YES;
				CLANG_WARN_EMPTY_BODY = YES;
				CLANG_WARN_ENUM_CONVERSION = YES;
				CLANG_WARN_INFINITE_RECURSION = YES;
				CLANG_WARN_INT_CONVERSION = YES;
				CLANG_WARN_NON_LITERAL_NULL_CONVERSION = YES;
				CLANG_WARN_OBJC_IMPLICIT_RETAIN_SELF = YES;
				CLANG_WARN_OBJC_LITERAL_CONVERSION = YES;
				CLANG_WARN_QUOTED_INCLUDE_IN_FRAMEWORK_HEADER = YES;
				CLANG_WARN_RANGE_LOOP_ANALYSIS = YES;
				CLANG_WARN_STRICT_PROTOTYPES = YES;
				CLANG_WARN_SUSPICIOUS_MOVE = YES;
				CLANG_WARN_UNREACHABLE_CODE = YES;
				CLANG_WARN__DUPLICATE_METHOD_MATCH = YES;
				COPY_PHASE_STRIP = NO;
				DEAD_CODE_STRIPPING = YES;
				DEBUG_INFORMATION_FORMAT = dwarf;
				ENABLE_STRICT_OBJC_MSGSEND = YES;
				ENABLE_TESTABILITY = YES;
				ENABLE_USER_SCRIPT_SANDBOXING = YES;
				GCC_DYNAMIC_NO_PIC = NO;
				GCC_NO_COMMON_BLOCKS = YES;
				GCC_OPTIMIZATION_LEVEL = 0;
				GCC_PREPROCESSOR_DEFINITIONS = (
					"DEBUG=1",
					"$(inherited)",
				);
				GCC_WARN_64_TO_32_BIT_CONVERSION = YES;
				GCC_WARN_ABOUT_RETURN_TYPE = YES;
				GCC_WARN_UNDECLARED_SELECTOR = YES;
				GCC_WARN_UNINITIALIZED_AUTOS = YES;
				GCC_WARN_UNUSED_FUNCTION = YES;
				GCC_WARN_UNUSED_VARIABLE = YES;
				MACOSX_DEPLOYMENT_TARGET = 15.0;
				MTL_ENABLE_DEBUG_INFO = INCLUDE_SOURCE;
				ONLY_ACTIVE_ARCH = YES;
				SDKROOT = macosx;
				STRING_CATALOG_GENERATE_SYMBOLS = YES;
				SWIFT_ACTIVE_COMPILATION_CONDITIONS = "$(inherited) DEBUG";
				SWIFT_OPTIMIZATION_LEVEL = "-Onone";
				SWIFT_VERSION = 6.0;
			};
			name = Debug;
		};
		A9000002 /* Release */ = {
			isa = XCBuildConfiguration;
			buildSettings = {
				ALWAYS_SEARCH_USER_PATHS = NO;
				CLANG_ENABLE_MODULES = YES;
				CLANG_WARN_BLOCK_CAPTURE_AUTORELEASING = YES;
				CLANG_WARN_BOOL_CONVERSION = YES;
				CLANG_WARN_COMMA = YES;
				CLANG_WARN_CONSTANT_CONVERSION = YES;
				CLANG_WARN_DEPRECATED_OBJC_IMPLEMENTATIONS = YES;
				CLANG_WARN_EMPTY_BODY = YES;
				CLANG_WARN_ENUM_CONVERSION = YES;
				CLANG_WARN_INFINITE_RECURSION = YES;
				CLANG_WARN_INT_CONVERSION = YES;
				CLANG_WARN_NON_LITERAL_NULL_CONVERSION = YES;
				CLANG_WARN_OBJC_IMPLICIT_RETAIN_SELF = YES;
				CLANG_WARN_OBJC_LITERAL_CONVERSION = YES;
				CLANG_WARN_QUOTED_INCLUDE_IN_FRAMEWORK_HEADER = YES;
				CLANG_WARN_RANGE_LOOP_ANALYSIS = YES;
				CLANG_WARN_STRICT_PROTOTYPES = YES;
				CLANG_WARN_SUSPICIOUS_MOVE = YES;
				CLANG_WARN_UNREACHABLE_CODE = YES;
				CLANG_WARN__DUPLICATE_METHOD_MATCH = YES;
				COPY_PHASE_STRIP = NO;
				DEAD_CODE_STRIPPING = YES;
				DEBUG_INFORMATION_FORMAT = "dwarf-with-dsym";
				ENABLE_NS_ASSERTIONS = NO;
				ENABLE_STRICT_OBJC_MSGSEND = YES;
				ENABLE_USER_SCRIPT_SANDBOXING = YES;
				GCC_NO_COMMON_BLOCKS = YES;
				GCC_WARN_64_TO_32_BIT_CONVERSION = YES;
				GCC_WARN_ABOUT_RETURN_TYPE = YES;
				GCC_WARN_UNDECLARED_SELECTOR = YES;
				GCC_WARN_UNINITIALIZED_AUTOS = YES;
				GCC_WARN_UNUSED_FUNCTION = YES;
				GCC_WARN_UNUSED_VARIABLE = YES;
				MACOSX_DEPLOYMENT_TARGET = 15.0;
				MTL_ENABLE_DEBUG_INFO = NO;
				SDKROOT = macosx;
				STRING_CATALOG_GENERATE_SYMBOLS = YES;
				SWIFT_COMPILATION_MODE = wholemodule;
				SWIFT_VERSION = 6.0;
			};
			name = Release;
		};
		A9000003 /* Debug */ = {
			isa = XCBuildConfiguration;
			buildSettings = {
				ASSETCATALOG_COMPILER_APPICON_NAME = AppIcon;
				CLANG_ENABLE_OBJC_WEAK = YES;
				CODE_SIGN_STYLE = Automatic;
				COMBINE_HIDPI_IMAGES = YES;
				CURRENT_PROJECT_VERSION = 21;
				DEAD_CODE_STRIPPING = YES;
				DEVELOPMENT_TEAM = 27QTQYPC29;
				GENERATE_INFOPLIST_FILE = YES;
				INFOPLIST_FILE = SwiftTrader/Info.plist;
				INFOPLIST_KEY_LSApplicationCategoryType = "public.app-category.finance";
				INFOPLIST_KEY_NSMainStoryboardFile = "";
				INFOPLIST_KEY_NSPrincipalClass = "";
				MARKETING_VERSION = 0.1.20;
				PRODUCT_BUNDLE_IDENTIFIER = com.trading.SwiftTrader;
				PRODUCT_NAME = "$(TARGET_NAME)";
				SWIFT_EMIT_LOC_STRINGS = YES;
				SWIFT_VERSION = 6.0;
			};
			name = Debug;
		};
		A9000004 /* Release */ = {
			isa = XCBuildConfiguration;
			buildSettings = {
				ASSETCATALOG_COMPILER_APPICON_NAME = AppIcon;
				CLANG_ENABLE_OBJC_WEAK = YES;
				CODE_SIGN_STYLE = Automatic;
				COMBINE_HIDPI_IMAGES = YES;
				CURRENT_PROJECT_VERSION = 21;
				DEAD_CODE_STRIPPING = YES;
				DEVELOPMENT_TEAM = 27QTQYPC29;
				GENERATE_INFOPLIST_FILE = YES;
				INFOPLIST_FILE = SwiftTrader/Info.plist;
				INFOPLIST_KEY_LSApplicationCategoryType = "public.app-category.finance";
				INFOPLIST_KEY_NSMainStoryboardFile = "";
				INFOPLIST_KEY_NSPrincipalClass = "";
				MARKETING_VERSION = 0.1.20;
				PRODUCT_BUNDLE_IDENTIFIER = com.trading.SwiftTrader;
				PRODUCT_NAME = "$(TARGET_NAME)";
				SWIFT_EMIT_LOC_STRINGS = YES;
				SWIFT_VERSION = 6.0;
			};
			name = Release;
		};
		B9000001 /* Debug */ = {
			isa = XCBuildConfiguration;
			buildSettings = {
				BUNDLE_LOADER = "$(TEST_HOST)";
				CLANG_ENABLE_OBJC_WEAK = YES;
				CODE_SIGN_STYLE = Automatic;
				DEAD_CODE_STRIPPING = YES;
				DEVELOPMENT_TEAM = 27QTQYPC29;
				GENERATE_INFOPLIST_FILE = YES;
				MACOSX_DEPLOYMENT_TARGET = 15.0;
				PRODUCT_BUNDLE_IDENTIFIER = com.trading.SwiftTraderTests;
				PRODUCT_NAME = "$(TARGET_NAME)";
				SWIFT_EMIT_LOC_STRINGS = NO;
				SWIFT_VERSION = 6.0;
				TEST_HOST = "$(BUILT_PRODUCTS_DIR)/SwiftTrader.app/Contents/MacOS/SwiftTrader";
			};
			name = Debug;
		};
		B9000002 /* Release */ = {
			isa = XCBuildConfiguration;
			buildSettings = {
				BUNDLE_LOADER = "$(TEST_HOST)";
				CLANG_ENABLE_OBJC_WEAK = YES;
				CODE_SIGN_STYLE = Automatic;
				DEAD_CODE_STRIPPING = YES;
				DEVELOPMENT_TEAM = 27QTQYPC29;
				GENERATE_INFOPLIST_FILE = YES;
				MACOSX_DEPLOYMENT_TARGET = 15.0;
				PRODUCT_BUNDLE_IDENTIFIER = com.trading.SwiftTraderTests;
				PRODUCT_NAME = "$(TARGET_NAME)";
				SWIFT_EMIT_LOC_STRINGS = NO;
				SWIFT_VERSION = 6.0;
				TEST_HOST = "$(BUILT_PRODUCTS_DIR)/SwiftTrader.app/Contents/MacOS/SwiftTrader";
			};
			name = Release;
		};
/* End XCBuildConfiguration section */

/* Begin XCConfigurationList section */
		A7000001 /* Build configuration list for PBXProject "SwiftTrader" */ = {
			isa = XCConfigurationList;
			buildConfigurations = (
				A9000001 /* Debug */,
				A9000002 /* Release */,
			);
			defaultConfigurationIsVisible = 0;
			defaultConfigurationName = Release;
		};
		A7000003 /* Build configuration list for PBXNativeTarget "SwiftTrader" */ = {
			isa = XCConfigurationList;
			buildConfigurations = (
				A9000003 /* Debug */,
				A9000004 /* Release */,
			);
			defaultConfigurationIsVisible = 0;
			defaultConfigurationName = Release;
		};
		B7000001 /* Build configuration list for PBXNativeTarget "SwiftTraderTests" */ = {
			isa = XCConfigurationList;
			buildConfigurations = (
				B9000001 /* Debug */,
				B9000002 /* Release */,
			);
			defaultConfigurationIsVisible = 0;
			defaultConfigurationName = Release;
		};
/* End XCConfigurationList section */

/* Begin XCSwiftPackageProductDependency section */
		AA000002 /* DukascopyClient */ = {
			isa = XCSwiftPackageProductDependency;
			productName = DukascopyClient;
		};
/* End XCSwiftPackageProductDependency section */
	};
	rootObject = A8000001 /* Project object */;
}
